
Microsoft Visual Studio Solution File, Format Version 12.00
# Visual Studio Version 17
VisualStudioVersion = 17.4.33403.182
MinimumVisualStudioVersion = 10.0.40219.1
Project("{FAE04EC0-301F-11D3-BF4B-00C04F79EFBC}") = "HRM.Infrastructure", "HRM.Infrastructure\HRM.Infrastructure.csproj", "{B53F67CC-4F6D-4889-BCD2-DEB2EF5BAC24}"
EndProject
Project("{FAE04EC0-301F-11D3-BF4B-00C04F79EFBC}") = "HRM.WebMVCApp", "HRM.WebMVCApp\HRM.WebMVCApp.csproj", "{50933D51-2F23-4862-80F6-793F46203E97}"
EndProject
Project("{FAE04EC0-301F-11D3-BF4B-00C04F79EFBC}") = "HRM.ApplicationCore", "HRM.ApplicationCore\HRM.ApplicationCore.csproj", "{DD329D9C-2B56-4CCA-96C1-C103369913EA}"
EndProject
Global
	GlobalSection(SolutionConfigurationPlatforms) = preSolution
		Debug|Any CPU = Debug|Any CPU
		Release|Any CPU = Release|Any CPU
	EndGlobalSection
	GlobalSection(ProjectConfigurationPlatforms) = postSolution
		{B53F67CC-4F6D-4889-BCD2-DEB2EF5BAC24}.Debug|Any CPU.ActiveCfg = Debug|Any CPU
		{B53F67CC-4F6D-4889-BCD2-DEB2EF5BAC24}.Debug|Any CPU.Build.0 = Debug|Any CPU
		{B53F67CC-4F6D-4889-BCD2-DEB2EF5BAC24}.Release|Any CPU.ActiveCfg = Release|Any CPU
		{B53F67CC-4F6D-4889-BCD2-DEB2EF5BAC24}.Release|Any CPU.Build.0 = Release|Any CPU
		{50933D51-2F23-4862-80F6-793F46203E97}.Debug|Any CPU.ActiveCfg = Debug|Any CPU
		{50933D51-2F23-4862-80F6-793F46203E97}.Debug|Any CPU.Build.0 = Debug|Any CPU
		{50933D51-2F23-4862-80F6-793F46203E97}.Release|Any CPU.ActiveCfg = Release|Any CPU
		{50933D51-2F23-4862-80F6-793F46203E97}.Release|Any CPU.Build.0 = Release|Any CPU
		{DD329D9C-2B56-4CCA-96C1-C103369913EA}.Debug|Any CPU.ActiveCfg = Debug|Any CPU
		{DD329D9C-2B56-4CCA-96C1-C103369913EA}.Debug|Any CPU.Build.0 = Debug|Any CPU
		{DD329D9C-2B56-4CCA-96C1-C103369913EA}.Release|Any CPU.ActiveCfg = Release|Any CPU
		{DD329D9C-2B56-4CCA-96C1-C103369913EA}.Release|Any CPU.Build.0 = Release|Any CPU
	EndGlobalSection
	GlobalSection(SolutionProperties) = preSolution
		HideSolutionNode = FALSE
	EndGlobalSection
	GlobalSection(ExtensibilityGlobals) = postSolution
		SolutionGuid = {39120020-102B-4611-99DF-6BB91291523E}
	EndGlobalSection
EndGlobal
